
Microsoft Visual Studio Solution File, Format Version 12.00
# Visual Studio 2012
Project("{FAE04EC0-301F-11D3-BF4B-00C04F79EFBC}") = "Geometria", "Laboratorio02Clase03\Geometria.csproj", "{649C7BA5-7188-4E2C-B93F-FC249CFE786A}"
EndProject
Global
	GlobalSection(SolutionConfigurationPlatforms) = preSolution
		Debug|Any CPU = Debug|Any CPU
		Release|Any CPU = Release|Any CPU
	EndGlobalSection
	GlobalSection(ProjectConfigurationPlatforms) = postSolution
		{649C7BA5-7188-4E2C-B93F-FC249CFE786A}.Debug|Any CPU.ActiveCfg = Debug|Any CPU
		{649C7BA5-7188-4E2C-B93F-FC249CFE786A}.Debug|Any CPU.Build.0 = Debug|Any CPU
		{649C7BA5-7188-4E2C-B93F-FC249CFE786A}.Release|Any CPU.ActiveCfg = Release|Any CPU
		{649C7BA5-7188-4E2C-B93F-FC249CFE786A}.Release|Any CPU.Build.0 = Release|Any CPU
	EndGlobalSection
	GlobalSection(SolutionProperties) = preSolution
		HideSolutionNode = FALSE
	EndGlobalSection
EndGlobal
